// !$*UTF8*$!
{
	archiveVersion = 1;
	classes = {
	};
	objectVersion = 50;
	objects = {

/* Begin PBXBuildFile section */
		A68E925321A479B8009D33EA /* AppDelegate.swift in Sources */ = {isa = PBXBuildFile; fileRef = A68E925221A479B8009D33EA /* AppDelegate.swift */; };
		A68E925521A479B8009D33EA /* MainViewController.swift in Sources */ = {isa = PBXBuildFile; fileRef = A68E925421A479B8009D33EA /* MainViewController.swift */; };
		A68E925821A479B8009D33EA /* Main.storyboard in Resources */ = {isa = PBXBuildFile; fileRef = A68E925621A479B8009D33EA /* Main.storyboard */; };
		A68E925A21A479B9009D33EA /* Assets.xcassets in Resources */ = {isa = PBXBuildFile; fileRef = A68E925921A479B9009D33EA /* Assets.xcassets */; };
		A68E925D21A479B9009D33EA /* LaunchScreen.storyboard in Resources */ = {isa = PBXBuildFile; fileRef = A68E925B21A479B9009D33EA /* LaunchScreen.storyboard */; };
		A68E926521A47A08009D33EA /* ResultViewController.swift in Sources */ = {isa = PBXBuildFile; fileRef = A68E926421A47A08009D33EA /* ResultViewController.swift */; };
/* End PBXBuildFile section */

/* Begin PBXFileReference section */
		A68E924F21A479B8009D33EA /* SdK Identifier.app */ = {isa = PBXFileReference; explicitFileType = wrapper.application; includeInIndex = 0; path = "SdK Identifier.app"; sourceTree = BUILT_PRODUCTS_DIR; };
		A68E925221A479B8009D33EA /* AppDelegate.swift */ = {isa = PBXFileReference; lastKnownFileType = sourcecode.swift; path = AppDelegate.swift; sourceTree = "<group>"; };
		A68E925421A479B8009D33EA /* MainViewController.swift */ = {isa = PBXFileReference; lastKnownFileType = sourcecode.swift; path = MainViewController.swift; sourceTree = "<group>"; };
		A68E925721A479B8009D33EA /* Base */ = {isa = PBXFileReference; lastKnownFileType = file.storyboard; name = Base; path = Base.lproj/Main.storyboard; sourceTree = "<group>"; };
		A68E925921A479B9009D33EA /* Assets.xcassets */ = {isa = PBXFileReference; lastKnownFileType = folder.assetcatalog; path = Assets.xcassets; sourceTree = "<group>"; };
		A68E925C21A479B9009D33EA /* Base */ = {isa = PBXFileReference; lastKnownFileType = file.storyboard; name = Base; path = Base.lproj/LaunchScreen.storyboard; sourceTree = "<group>"; };
		A68E925E21A479B9009D33EA /* Info.plist */ = {isa = PBXFileReference; lastKnownFileType = text.plist.xml; path = Info.plist; sourceTree = "<group>"; };
		A68E926421A47A08009D33EA /* ResultViewController.swift */ = {isa = PBXFileReference; lastKnownFileType = sourcecode.swift; path = ResultViewController.swift; sourceTree = "<group>"; };
/* End PBXFileReference section */

/* Begin PBXFrameworksBuildPhase section */
		A68E924C21A479B8009D33EA /* Frameworks */ = {
			isa = PBXFrameworksBuildPhase;
			buildActionMask = 2147483647;
			files = (
			);
			runOnlyForDeploymentPostprocessing = 0;
		};
/* End PBXFrameworksBuildPhase section */

/* Begin PBXGroup section */
		A6751EAA21A4837B002731AF /* Model */ = {
			isa = PBXGroup;
			children = (
			);
			path = Model;
			sourceTree = "<group>";
		};
		A6751EAB21A48384002731AF /* Controller */ = {
			isa = PBXGroup;
			children = (
				A68E925421A479B8009D33EA /* MainViewController.swift */,
				A68E926421A47A08009D33EA /* ResultViewController.swift */,
			);
			path = Controller;
			sourceTree = "<group>";
		};
		A68E924621A479B8009D33EA = {
			isa = PBXGroup;
			children = (
				A68E925121A479B8009D33EA /* SdK Identifier */,
				A68E925021A479B8009D33EA /* Products */,
			);
			sourceTree = "<group>";
		};
		A68E925021A479B8009D33EA /* Products */ = {
			isa = PBXGroup;
			children = (
				A68E924F21A479B8009D33EA /* SdK Identifier.app */,
			);
			name = Products;
			sourceTree = "<group>";
		};
		A68E925121A479B8009D33EA /* SdK Identifier */ = {
			isa = PBXGroup;
			children = (
				A68E925221A479B8009D33EA /* AppDelegate.swift */,
				A6751EAB21A48384002731AF /* Controller */,
				A6751EAA21A4837B002731AF /* Model */,
				A68E925621A479B8009D33EA /* Main.storyboard */,
				A68E925921A479B9009D33EA /* Assets.xcassets */,
				A68E925B21A479B9009D33EA /* LaunchScreen.storyboard */,
				A68E925E21A479B9009D33EA /* Info.plist */,
			);
			path = "SdK Identifier";
			sourceTree = "<group>";
		};
/* End PBXGroup section */

/* Begin PBXNativeTarget section */
		A68E924E21A479B8009D33EA /* SdK Identifier */ = {
			isa = PBXNativeTarget;
			buildConfigurationList = A68E926121A479B9009D33EA /* Build configuration list for PBXNativeTarget "SdK Identifier" */;
			buildPhases = (
				A68E924B21A479B8009D33EA /* Sources */,
				A68E924C21A479B8009D33EA /* Frameworks */,
				A68E924D21A479B8009D33EA /* Resources */,
			);
			buildRules = (
			);
			dependencies = (
			);
			name = "SdK Identifier";
			productName = "SdK Identifier";
			productReference = A68E924F21A479B8009D33EA /* SdK Identifier.app */;
			productType = "com.apple.product-type.application";
		};
/* End PBXNativeTarget section */

/* Begin PBXProject section */
		A68E924721A479B8009D33EA /* Project object */ = {
			isa = PBXProject;
			attributes = {
				LastSwiftUpdateCheck = 1010;
				LastUpgradeCheck = 1010;
				ORGANIZATIONNAME = luko;
				TargetAttributes = {
					A68E924E21A479B8009D33EA = {
						CreatedOnToolsVersion = 10.1;
					};
				};
			};
			buildConfigurationList = A68E924A21A479B8009D33EA /* Build configuration list for PBXProject "SdK Identifier" */;
			compatibilityVersion = "Xcode 9.3";
			developmentRegion = en;
			hasScannedForEncodings = 0;
			knownRegions = (
				en,
				Base,
			);
			mainGroup = A68E924621A479B8009D33EA;
			productRefGroup = A68E925021A479B8009D33EA /* Products */;
			projectDirPath = "";
			projectRoot = "";
			targets = (
				A68E924E21A479B8009D33EA /* SdK Identifier */,
			);
		};
/* End PBXProject section */

/* Begin PBXResourcesBuildPhase section */
		A68E924D21A479B8009D33EA /* Resources */ = {
			isa = PBXResourcesBuildPhase;
			buildActionMask = 2147483647;
			files = (
				A68E925D21A479B9009D33EA /* LaunchScreen.storyboard in Resources */,
				A68E925A21A479B9009D33EA /* Assets.xcassets in Resources */,
				A68E925821A479B8009D33EA /* Main.storyboard in Resources */,
			);
			runOnlyForDeploymentPostprocessing = 0;
		};
/* End PBXResourcesBuildPhase section */

/* Begin PBXSourcesBuildPhase section */
		A68E924B21A479B8009D33EA /* Sources */ = {
			isa = PBXSourcesBuildPhase;
			buildActionMask = 2147483647;
			files = (
				A68E925521A479B8009D33EA /* MainViewController.swift in Sources */,
				A68E925321A479B8009D33EA /* AppDelegate.swift in Sources */,
				A68E926521A47A08009D33EA /* ResultViewController.swift in Sources */,
			);
			runOnlyForDeploymentPostprocessing = 0;
		};
/* End PBXSourcesBuildPhase section */

/* Begin PBXVariantGroup section */
		A68E925621A479B8009D33EA /* Main.storyboard */ = {
			isa = PBXVariantGroup;
			children = (
				A68E925721A479B8009D33EA /* Base */,
			);
			name = Main.storyboard;
			sourceTree = "<group>";
		};
		A68E925B21A479B9009D33EA /* LaunchScreen.storyboard */ = {
			isa = PBXVariantGroup;
			children = (
				A68E925C21A479B9009D33EA /* Base */,
			);
			name = LaunchScreen.storyboard;
			sourceTree = "<group>";
		};
/* End PBXVariantGroup section */

/* Begin XCBuildConfiguration section */
		A68E925F21A479B9009D33EA /* Debug */ = {
			isa = XCBuildConfiguration;
			buildSettings = {
				ALWAYS_SEARCH_USER_PATHS = NO;
				CLANG_ANALYZER_NONNULL = YES;
				CLANG_ANALYZER_NUMBER_OBJECT_CONVERSION = YES_AGGRESSIVE;
				CLANG_CXX_LANGUAGE_STANDARD = "gnu++14";
				CLANG_CXX_LIBRARY = "libc++";
				CLANG_ENABLE_MODULES = YES;
				CLANG_ENABLE_OBJC_ARC = YES;
				CLANG_ENABLE_OBJC_WEAK = YES;
				CLANG_WARN_BLOCK_CAPTURE_AUTORELEASING = YES;
				CLANG_WARN_BOOL_CONVERSION = YES;
				CLANG_WARN_COMMA = YES;
				CLANG_WARN_CONSTANT_CONVERSION = YES;
				CLANG_WARN_DEPRECATED_OBJC_IMPLEMENTATIONS = YES;
				CLANG_WARN_DIRECT_OBJC_ISA_USAGE = YES_ERROR;
				CLANG_WARN_DOCUMENTATION_COMMENTS = YES;
				CLANG_WARN_EMPTY_BODY = YES;
				CLANG_WARN_ENUM_CONVERSION = YES;
				CLANG_WARN_INFINITE_RECURSION = YES;
				CLANG_WARN_INT_CONVERSION = YES;
				CLANG_WARN_NON_LITERAL_NULL_CONVERSION = YES;
				CLANG_WARN_OBJC_IMPLICIT_RETAIN_SELF = YES;
				CLANG_WARN_OBJC_LITERAL_CONVERSION = YES;
				CLANG_WARN_OBJC_ROOT_CLASS = YES_ERROR;
				CLANG_WARN_RANGE_LOOP_ANALYSIS = YES;
				CLANG_WARN_STRICT_PROTOTYPES = YES;
				CLANG_WARN_SUSPICIOUS_MOVE = YES;
				CLANG_WARN_UNGUARDED_AVAILABILITY = YES_AGGRESSIVE;
				CLANG_WARN_UNREACHABLE_CODE = YES;
				CLANG_WARN__DUPLICATE_METHOD_MATCH = YES;
				CODE_SIGN_IDENTITY = "iPhone Developer";
				COPY_PHASE_STRIP = NO;
				DEBUG_INFORMATION_FORMAT = dwarf;
				ENABLE_STRICT_OBJC_MSGSEND = YES;
				ENABLE_TESTABILITY = YES;
				GCC_C_LANGUAGE_STANDARD = gnu11;
				GCC_DYNAMIC_NO_PIC = NO;
				GCC_NO_COMMON_BLOCKS = YES;
				GCC_OPTIMIZATION_LEVEL = 0;
				GCC_PREPROCESSOR_DEFINITIONS = (
					"DEBUG=1",
					"$(inherited)",
				);
				GCC_WARN_64_TO_32_BIT_CONVERSION = YES;
				GCC_WARN_ABOUT_RETURN_TYPE = YES_ERROR;
				GCC_WARN_UNDECLARED_SELECTOR = YES;
				GCC_WARN_UNINITIALIZED_AUTOS = YES_AGGRESSIVE;
				GCC_WARN_UNUSED_FUNCTION = YES;
				GCC_WARN_UNUSED_VARIABLE = YES;
				IPHONEOS_DEPLOYMENT_TARGET = 12.1;
				MTL_ENABLE_DEBUG_INFO = INCLUDE_SOURCE;
				MTL_FAST_MATH = YES;
				ONLY_ACTIVE_ARCH = YES;
				SDKROOT = iphoneos;
				SWIFT_ACTIVE_COMPILATION_CONDITIONS = DEBUG;
				SWIFT_OPTIMIZATION_LEVEL = "-Onone";
			};
			name = Debug;
		};
		A68E926021A479B9009D33EA /* Release */ = {
			isa = XCBuildConfiguration;
			buildSettings = {
				ALWAYS_SEARCH_USER_PATHS = NO;
				CLANG_ANALYZER_NONNULL = YES;
				CLANG_ANALYZER_NUMBER_OBJECT_CONVERSION = YES_AGGRESSIVE;
				CLANG_CXX_LANGUAGE_STANDARD = "gnu++14";
				CLANG_CXX_LIBRARY = "libc++";
				CLANG_ENABLE_MODULES = YES;
				CLANG_ENABLE_OBJC_ARC = YES;
				CLANG_ENABLE_OBJC_WEAK = YES;
				CLANG_WARN_BLOCK_CAPTURE_AUTORELEASING = YES;
				CLANG_WARN_BOOL_CONVERSION = YES;
				CLANG_WARN_COMMA = YES;
				CLANG_WARN_CONSTANT_CONVERSION = YES;
				CLANG_WARN_DEPRECATED_OBJC_IMPLEMENTATIONS = YES;
				CLANG_WARN_DIRECT_OBJC_ISA_USAGE = YES_ERROR;
				CLANG_WARN_DOCUMENTATION_COMMENTS = YES;
				CLANG_WARN_EMPTY_BODY = YES;
				CLANG_WARN_ENUM_CONVERSION = YES;
				CLANG_WARN_INFINITE_RECURSION = YES;
				CLANG_WARN_INT_CONVERSION = YES;
				CLANG_WARN_NON_LITERAL_NULL_CONVERSION = YES;
				CLANG_WARN_OBJC_IMPLICIT_RETAIN_SELF = YES;
				CLANG_WARN_OBJC_LITERAL_CONVERSION = YES;
				CLANG_WARN_OBJC_ROOT_CLASS = YES_ERROR;
				CLANG_WARN_RANGE_LOOP_ANALYSIS = YES;
				CLANG_WARN_STRICT_PROTOTYPES = YES;
				CLANG_WARN_SUSPICIOUS_MOVE = YES;
				CLANG_WARN_UNGUARDED_AVAILABILITY = YES_AGGRESSIVE;
				CLANG_WARN_UNREACHABLE_CODE = YES;
				CLANG_WARN__DUPLICATE_METHOD_MATCH = YES;
				CODE_SIGN_IDENTITY = "iPhone Developer";
				COPY_PHASE_STRIP = NO;
				DEBUG_INFORMATION_FORMAT = "dwarf-with-dsym";
				ENABLE_NS_ASSERTIONS = NO;
				ENABLE_STRICT_OBJC_MSGSEND = YES;
				GCC_C_LANGUAGE_STANDARD = gnu11;
				GCC_NO_COMMON_BLOCKS = YES;
				GCC_WARN_64_TO_32_BIT_CONVERSION = YES;
				GCC_WARN_ABOUT_RETURN_TYPE = YES_ERROR;
				GCC_WARN_UNDECLARED_SELECTOR = YES;
				GCC_WARN_UNINITIALIZED_AUTOS = YES_AGGRESSIVE;
				GCC_WARN_UNUSED_FUNCTION = YES;
				GCC_WARN_UNUSED_VARIABLE = YES;
				IPHONEOS_DEPLOYMENT_TARGET = 12.1;
				MTL_ENABLE_DEBUG_INFO = NO;
				MTL_FAST_MATH = YES;
				SDKROOT = iphoneos;
				SWIFT_COMPILATION_MODE = wholemodule;
				SWIFT_OPTIMIZATION_LEVEL = "-O";
				VALIDATE_PRODUCT = YES;
			};
			name = Release;
		};
		A68E926221A479B9009D33EA /* Debug */ = {
			isa = XCBuildConfiguration;
			buildSettings = {
				ASSETCATALOG_COMPILER_APPICON_NAME = AppIcon;
				CODE_SIGN_STYLE = Automatic;
				DEVELOPMENT_TEAM = 6QXS26RJ9G;
				INFOPLIST_FILE = "SdK Identifier/Info.plist";
				IPHONEOS_DEPLOYMENT_TARGET = 11.0;
				LD_RUNPATH_SEARCH_PATHS = (
					"$(inherited)",
					"@executable_path/Frameworks",
				);
				PRODUCT_BUNDLE_IDENTIFIER = "com.luko.SdK-Identifier";
				PRODUCT_NAME = "$(TARGET_NAME)";
				SWIFT_VERSION = 4.2;
				TARGETED_DEVICE_FAMILY = "1,2";
			};
			name = Debug;
		};
		A68E926321A479B9009D33EA /* Release */ = {
			isa = XCBuildConfiguration;
			buildSettings = {
				ASSETCATALOG_COMPILER_APPICON_NAME = AppIcon;
				CODE_SIGN_STYLE = Automatic;
				DEVELOPMENT_TEAM = 6QXS26RJ9G;
				INFOPLIST_FILE = "SdK Identifier/Info.plist";
				IPHONEOS_DEPLOYMENT_TARGET = 11.0;
				LD_RUNPATH_SEARCH_PATHS = (
					"$(inherited)",
					"@executable_path/Frameworks",
				);
				PRODUCT_BUNDLE_IDENTIFIER = "com.luko.SdK-Identifier";
				PRODUCT_NAME = "$(TARGET_NAME)";
				SWIFT_VERSION = 4.2;
				TARGETED_DEVICE_FAMILY = "1,2";
			};
			name = Release;
		};
/* End XCBuildConfiguration section */

/* Begin XCConfigurationList section */
		A68E924A21A479B8009D33EA /* Build configuration list for PBXProject "SdK Identifier" */ = {
			isa = XCConfigurationList;
			buildConfigurations = (
				A68E925F21A479B9009D33EA /* Debug */,
				A68E926021A479B9009D33EA /* Release */,
			);
			defaultConfigurationIsVisible = 0;
			defaultConfigurationName = Release;
		};
		A68E926121A479B9009D33EA /* Build configuration list for PBXNativeTarget "SdK Identifier" */ = {
			isa = XCConfigurationList;
			buildConfigurations = (
				A68E926221A479B9009D33EA /* Debug */,
				A68E926321A479B9009D33EA /* Release */,
			);
			defaultConfigurationIsVisible = 0;
			defaultConfigurationName = Release;
		};
/* End XCConfigurationList section */
	};
	rootObject = A68E924721A479B8009D33EA /* Project object */;
}
